{
  "nodes": {
    "cachix": {
      "inputs": {
        "devenv": "devenv",
        "flake-compat": "flake-compat_2",
        "hnix-store-core": "hnix-store-core",
        "nixpkgs": [
          "nixpkgs"
        ]
      },
      "locked": {
        "lastModified": 1673029258,
        "narHash": "sha256-7JpmmRt5rTVjTpQE9uhwHKhstyGcLmYqvaGq/wVXj+M=",
        "owner": "cachix",
        "repo": "cachix",
        "rev": "a0e16ee5d1a57b3000765ab801a1bbb245be8fd5",
        "type": "github"
      },
      "original": {
        "owner": "cachix",
        "ref": "latest",
        "repo": "cachix",
        "type": "github"
      }
    },
    "darwin": {
      "inputs": {
        "nixpkgs": [
          "nixpkgs"
        ]
      },
      "locked": {
        "lastModified": 1673295039,
        "narHash": "sha256-AsdYgE8/GPwcelGgrntlijMg4t3hLFJFCRF3tL5WVjA=",
        "owner": "lnl7",
        "repo": "nix-darwin",
        "rev": "87b9d090ad39b25b2400029c64825fc2a8868943",
        "type": "github"
      },
      "original": {
        "owner": "lnl7",
        "ref": "master",
        "repo": "nix-darwin",
        "type": "github"
      }
    },
    "devenv": {
      "inputs": {
        "flake-compat": "flake-compat",
        "nix": "nix",
        "nixpkgs": "nixpkgs",
        "pre-commit-hooks": "pre-commit-hooks"
      },
      "locked": {
        "lastModified": 1671455716,
        "narHash": "sha256-Gnl113S0N+WO57wgDO8NdO01FJnJYWjdbn7iAsrkxXI=",
        "owner": "cachix",
        "repo": "devenv",
        "rev": "2d859647dec00fc77ac662e6bb44012bc3dd2cd3",
        "type": "github"
      },
      "original": {
        "owner": "cachix",
        "repo": "devenv",
        "type": "github"
      }
    },
    "flake-compat": {
      "flake": false,
      "locked": {
        "lastModified": 1668681692,
        "narHash": "sha256-Ht91NGdewz8IQLtWZ9LCeNXMSXHUss+9COoqu6JLmXU=",
        "owner": "edolstra",
        "repo": "flake-compat",
        "rev": "009399224d5e398d03b22badca40a37ac85412a1",
        "type": "github"
      },
      "original": {
        "owner": "edolstra",
        "repo": "flake-compat",
        "type": "github"
      }
    },
    "flake-compat_2": {
      "flake": false,
      "locked": {
        "lastModified": 1668681692,
        "narHash": "sha256-Ht91NGdewz8IQLtWZ9LCeNXMSXHUss+9COoqu6JLmXU=",
        "owner": "edolstra",
        "repo": "flake-compat",
        "rev": "009399224d5e398d03b22badca40a37ac85412a1",
        "type": "github"
      },
      "original": {
        "owner": "edolstra",
        "repo": "flake-compat",
        "type": "github"
      }
    },
    "flake-parts": {
      "inputs": {
        "nixpkgs-lib": "nixpkgs-lib"
      },
      "locked": {
        "lastModified": 1674771137,
        "narHash": "sha256-Zpk1GbEsYrqKmuIZkx+f+8pU0qcCYJoSUwNz1Zk+R00=",
        "owner": "hercules-ci",
        "repo": "flake-parts",
        "rev": "7c7a8bce3dffe71203dcd4276504d1cb49dfe05f",
        "type": "github"
      },
      "original": {
        "id": "flake-parts",
        "type": "indirect"
      }
    },
    "flake-utils": {
      "locked": {
        "lastModified": 1667395993,
        "narHash": "sha256-nuEHfE/LcWyuSWnS8t12N1wc105Qtau+/OdUAjtQ0rA=",
        "owner": "numtide",
        "repo": "flake-utils",
        "rev": "5aed5285a952e0b949eb3ba02c12fa4fcfef535f",
        "type": "github"
      },
      "original": {
        "owner": "numtide",
        "repo": "flake-utils",
        "type": "github"
      }
    },
    "gitignore": {
      "inputs": {
        "nixpkgs": [
          "cachix",
          "devenv",
          "pre-commit-hooks",
          "nixpkgs"
        ]
      },
      "locked": {
        "lastModified": 1660459072,
        "narHash": "sha256-8DFJjXG8zqoONA1vXtgeKXy68KdJL5UaXR8NtVMUbx8=",
        "owner": "hercules-ci",
        "repo": "gitignore.nix",
        "rev": "a20de23b925fd8264fd7fad6454652e142fd7f73",
        "type": "github"
      },
      "original": {
        "owner": "hercules-ci",
        "repo": "gitignore.nix",
        "type": "github"
      }
    },
    "hnix-store-core": {
      "flake": false,
      "locked": {
        "lastModified": 1672658037,
        "narHash": "sha256-UOe+dY1dhCvdEKjPF1gNpfc4cNhZSKSbvu4yG+XVqbg=",
        "owner": "haskell-nix",
        "repo": "hnix-store",
        "rev": "81700e6e7c53bbd7c6b2c4913b9481e5827af92f",
        "type": "github"
      },
      "original": {
        "owner": "haskell-nix",
        "ref": "core-0.6.1.0",
        "repo": "hnix-store",
        "type": "github"
      }
    },
    "home-manager": {
      "inputs": {
        "nixpkgs": [
          "nixpkgs"
        ],
        "utils": "utils"
      },
      "locked": {
        "lastModified": 1675247113,
        "narHash": "sha256-+YcXjfCP4hNu8A68b/UoXFCTDwKLuLV+x/7dQnM5U/o=",
        "owner": "nix-community",
        "repo": "home-manager",
        "rev": "782cb855b2f23c485011a196c593e2d7e4fce746",
        "type": "github"
      },
      "original": {
        "owner": "nix-community",
        "repo": "home-manager",
        "type": "github"
      }
    },
    "keys_davhau": {
      "flake": false,
      "locked": {
        "narHash": "sha256-0fd0gyrCTIDOPdmbPIKj7CD6696tiEumLZPoXqDd8dc=",
        "type": "file",
        "url": "https://github.com/davhau.keys"
      },
      "original": {
        "type": "file",
        "url": "https://github.com/davhau.keys"
      }
    },
    "keys_jost-s": {
      "flake": false,
      "locked": {
        "narHash": "sha256-B3Er8Ek9wzun9ziCWw2GmFlfOJrzCPqBRai2p6F2kjU=",
        "type": "file",
        "url": "https://github.com/jost-s.keys"
      },
      "original": {
        "type": "file",
        "url": "https://github.com/jost-s.keys"
      }
    },
    "keys_maackle": {
      "flake": false,
      "locked": {
        "narHash": "sha256-T37xaWCJEz6qltgTH5c67SvQ3VCd7SJty3iWjD1C6sw=",
        "type": "file",
        "url": "https://github.com/maackle.keys"
      },
      "original": {
        "type": "file",
        "url": "https://github.com/maackle.keys"
      }
    },
    "keys_neonphog": {
      "flake": false,
      "locked": {
        "narHash": "sha256-InV0oto4PA8gLATCZxeP80V8QPrOxdJg0Qxfn0zaTa0=",
        "type": "file",
        "url": "https://github.com/neonphog.keys"
      },
      "original": {
        "type": "file",
        "url": "https://github.com/neonphog.keys"
      }
    },
    "keys_steveej": {
      "flake": false,
      "locked": {
        "narHash": "sha256-oWou51Fqm2fNARZ2iEyKwmnDXB85fnw8vgVxZfBZuqI=",
        "type": "file",
        "url": "https://github.com/steveej.keys"
      },
      "original": {
        "type": "file",
        "url": "https://github.com/steveej.keys"
      }
    },
    "keys_thedavidmeister": {
      "flake": false,
      "locked": {
        "narHash": "sha256-Sn/Z7MgiUwwrJ/ZOZhta/18e/kx+iSrdMVnJPlX1CLE=",
        "type": "file",
        "url": "https://github.com/thedavidmeister.keys"
      },
      "original": {
        "type": "file",
        "url": "https://github.com/thedavidmeister.keys"
      }
    },
    "keys_zippy": {
      "flake": false,
      "locked": {
        "narHash": "sha256-aO9Vws3uxsX9DfuBwtOs1fJ9CwUoz1aVodjkE+qWgh0=",
        "type": "file",
        "url": "https://github.com/zippy.keys"
      },
      "original": {
        "type": "file",
        "url": "https://github.com/zippy.keys"
      }
    },
    "lowdown-src": {
      "flake": false,
      "locked": {
        "lastModified": 1633514407,
        "narHash": "sha256-Dw32tiMjdK9t3ETl5fzGrutQTzh2rufgZV4A/BbxuD4=",
        "owner": "kristapsdz",
        "repo": "lowdown",
        "rev": "d2c2b44ff6c27b936ec27358a2653caaef8f73b8",
        "type": "github"
      },
      "original": {
        "owner": "kristapsdz",
        "repo": "lowdown",
        "type": "github"
      }
    },
    "nix": {
      "inputs": {
        "lowdown-src": "lowdown-src",
        "nixpkgs": [
          "cachix",
          "devenv",
          "nixpkgs"
        ],
        "nixpkgs-regression": "nixpkgs-regression"
      },
      "locked": {
        "lastModified": 1670343089,
        "narHash": "sha256-Cg3gniXYwyP5U314z6ZqiCHyGNj+KkP3W2ckQqz7Pz4=",
        "owner": "domenkozar",
        "repo": "nix",
        "rev": "389d4dbc3ba3dd7015df30764e861aa556afb931",
        "type": "github"
      },
      "original": {
        "owner": "domenkozar",
        "ref": "relaxed-flakes",
        "repo": "nix",
        "type": "github"
      }
    },
    "nixpkgs": {
      "locked": {
        "lastModified": 1670827406,
        "narHash": "sha256-nLNk7uiLbhbvb4TVz67XK7+Ezr1zcWYDWmNrWGmEUqA=",
        "owner": "NixOS",
        "repo": "nixpkgs",
        "rev": "ffca9ffaaafb38c8979068cee98b2644bd3f14cb",
        "type": "github"
      },
      "original": {
        "owner": "NixOS",
        "ref": "nixpkgs-unstable",
        "repo": "nixpkgs",
        "type": "github"
      }
    },
    "nixpkgs-lib": {
      "locked": {
        "dir": "lib",
        "lastModified": 1672350804,
        "narHash": "sha256-jo6zkiCabUBn3ObuKXHGqqORUMH27gYDIFFfLq5P4wg=",
        "owner": "NixOS",
        "repo": "nixpkgs",
        "rev": "677ed08a50931e38382dbef01cba08a8f7eac8f6",
        "type": "github"
      },
      "original": {
        "dir": "lib",
        "owner": "NixOS",
        "ref": "nixos-unstable",
        "repo": "nixpkgs",
        "type": "github"
      }
    },
    "nixpkgs-regression": {
      "locked": {
        "lastModified": 1643052045,
        "narHash": "sha256-uGJ0VXIhWKGXxkeNnq4TvV3CIOkUJ3PAoLZ3HMzNVMw=",
        "owner": "NixOS",
        "repo": "nixpkgs",
        "rev": "215d4d0fd80ca5163643b03a33fde804a29cc1e2",
        "type": "github"
      },
      "original": {
        "owner": "NixOS",
        "repo": "nixpkgs",
        "rev": "215d4d0fd80ca5163643b03a33fde804a29cc1e2",
        "type": "github"
      }
    },
    "nixpkgs-stable": {
      "locked": {
        "lastModified": 1668984258,
        "narHash": "sha256-0gDMJ2T3qf58xgcSbYoXiRGUkPWmKyr5C3vcathWhKs=",
        "owner": "NixOS",
        "repo": "nixpkgs",
        "rev": "cf63ade6f74bbc9d2a017290f1b2e33e8fbfa70a",
        "type": "github"
      },
      "original": {
        "owner": "NixOS",
        "ref": "nixos-22.05",
        "repo": "nixpkgs",
        "type": "github"
      }
    },
    "nixpkgs_2": {
      "locked": {
        "lastModified": 1675237434,
        "narHash": "sha256-YoFR0vyEa1HXufLNIFgOGhIFMRnY6aZ0IepZF5cYemo=",
        "owner": "nixos",
        "repo": "nixpkgs",
        "rev": "285b3ff0660640575186a4086e1f8dc0df2874b5",
        "type": "github"
      },
      "original": {
        "owner": "nixos",
        "ref": "release-22.11",
        "repo": "nixpkgs",
        "type": "github"
      }
    },
    "pre-commit-hooks": {
      "inputs": {
        "flake-compat": [
          "cachix",
          "devenv",
          "flake-compat"
        ],
        "flake-utils": "flake-utils",
        "gitignore": "gitignore",
        "nixpkgs": [
          "cachix",
          "devenv",
          "nixpkgs"
        ],
        "nixpkgs-stable": "nixpkgs-stable"
      },
      "locked": {
        "lastModified": 1670413394,
        "narHash": "sha256-M7sWqrKtOqUv9euX1t3HCxis8cPy9MNiZxQmUf0KF1o=",
        "owner": "cachix",
        "repo": "pre-commit-hooks.nix",
        "rev": "1303a1a76e9eb074075bfe566518c413f6fc104e",
        "type": "github"
      },
      "original": {
        "owner": "cachix",
        "repo": "pre-commit-hooks.nix",
        "type": "github"
      }
    },
    "root": {
      "inputs": {
        "cachix": "cachix",
        "darwin": "darwin",
        "flake-parts": "flake-parts",
        "home-manager": "home-manager",
        "keys_davhau": "keys_davhau",
        "keys_jost-s": "keys_jost-s",
        "keys_maackle": "keys_maackle",
        "keys_neonphog": "keys_neonphog",
        "keys_steveej": "keys_steveej",
        "keys_thedavidmeister": "keys_thedavidmeister",
        "keys_zippy": "keys_zippy",
        "nixpkgs": "nixpkgs_2"
      }
    },
    "utils": {
      "locked": {
        "lastModified": 1667395993,
        "narHash": "sha256-nuEHfE/LcWyuSWnS8t12N1wc105Qtau+/OdUAjtQ0rA=",
        "owner": "numtide",
        "repo": "flake-utils",
        "rev": "5aed5285a952e0b949eb3ba02c12fa4fcfef535f",
        "type": "github"
      },
      "original": {
        "owner": "numtide",
        "repo": "flake-utils",
        "type": "github"
      }
    }
  },
  "root": "root",
  "version": 7
}
