{
  "nodes": {
    "cachix_for_watch_store": {
      "inputs": {
        "devenv": "devenv",
        "flake-compat": "flake-compat",
        "hnix-store-core": "hnix-store-core",
        "nixpkgs": "nixpkgs_2"
      },
      "locked": {
        "lastModified": 1684343484,
        "narHash": "sha256-bt8FFtDSJpBckx3dIjW5Xdvj8aVCm78R3VTpjK5F3Ac=",
        "owner": "cachix",
        "repo": "cachix",
        "rev": "e36a8eb2ec319227d90f39fc6c5d4dbd523c5373",
        "type": "github"
      },
      "original": {
        "owner": "cachix",
        "ref": "v1.5",
        "repo": "cachix",
        "type": "github"
      }
    },
    "cargo-chef": {
      "flake": false,
      "locked": {
        "lastModified": 1695999026,
        "narHash": "sha256-UtLoZd7YBRSF9uXStfC3geEFqSqZXFh1rLHaP8hre0Y=",
        "owner": "LukeMathWalker",
        "repo": "cargo-chef",
        "rev": "6e96ae5cd023b718ae40d608981e50a6e7d7facf",
        "type": "github"
      },
      "original": {
        "owner": "LukeMathWalker",
        "ref": "main",
        "repo": "cargo-chef",
        "type": "github"
      }
    },
    "cargo-rdme": {
      "flake": false,
      "locked": {
        "lastModified": 1675118998,
        "narHash": "sha256-lrYWqu3h88fr8gG3Yo5GbFGYaq5/1Os7UtM+Af0Bg4k=",
        "owner": "orium",
        "repo": "cargo-rdme",
        "rev": "f9dbb6bccc078f4869f45ae270a2890ac9a75877",
        "type": "github"
      },
      "original": {
        "owner": "orium",
        "ref": "v1.1.0",
        "repo": "cargo-rdme",
        "type": "github"
      }
    },
    "coturn": {
      "flake": false,
      "locked": {
        "lastModified": 1711026554,
        "narHash": "sha256-fvxj4G7GmkyuS67QiFcEX8+UlxvjtyfAbilfE9cin5Q=",
        "owner": "steveej-forks",
        "repo": "coturn",
        "rev": "fed3efd2c4447e5e5966eed5cc32a43d768172ad",
        "type": "github"
      },
      "original": {
        "owner": "steveej-forks",
        "ref": "debug-cli-login",
        "repo": "coturn",
        "type": "github"
      }
    },
    "crane": {
      "inputs": {
        "nixpkgs": [
          "nixpkgs-23-11"
        ]
      },
      "locked": {
        "lastModified": 1710003968,
        "narHash": "sha256-g8+K+mLiNG5uch35Oy9oDQBAmGSkCcqrd0Jjme7xiG0=",
        "owner": "ipetkov",
        "repo": "crane",
        "rev": "10484f86201bb94bd61ecc5335b1496794fedb78",
        "type": "github"
      },
      "original": {
        "owner": "ipetkov",
        "repo": "crane",
        "type": "github"
      }
    },
    "crane_2": {
      "inputs": {
        "nixpkgs": [
          "holochain",
          "nixpkgs"
        ]
      },
      "locked": {
        "lastModified": 1707363936,
        "narHash": "sha256-QbqyvGFYt84QNOQLOOTWplZZkzkyDhYrAl/N/9H0vFM=",
        "owner": "ipetkov",
        "repo": "crane",
        "rev": "9107434eda6991e9388ad87b815dafa337446d16",
        "type": "github"
      },
      "original": {
        "owner": "ipetkov",
        "repo": "crane",
        "type": "github"
      }
    },
    "crate2nix": {
      "flake": false,
      "locked": {
        "lastModified": 1706909251,
        "narHash": "sha256-T7G9Uhh77P0kKri/u+Mwa/4YnXwdPsJSwYCiJCCW+fs=",
        "owner": "kolloch",
        "repo": "crate2nix",
        "rev": "15656bb6cb15f55ee3344bf4362e6489feb93db6",
        "type": "github"
      },
      "original": {
        "owner": "kolloch",
        "repo": "crate2nix",
        "type": "github"
      }
    },
    "darwin": {
      "inputs": {
        "nixpkgs": [
          "nixpkgs"
        ]
      },
      "locked": {
        "lastModified": 1692613703,
        "narHash": "sha256-ByFRYQ8J4YSeAU6N0gUc5nmIjAGoiDU+jMUL73Ns0ZU=",
        "owner": "steveeJ-forks",
        "repo": "nix-darwin",
        "rev": "72d647c8bda6d8d8a88ba2b63b56ce4e0be57ea7",
        "type": "github"
      },
      "original": {
        "owner": "steveeJ-forks",
        "ref": "fork-fix-launchd-calendar-interval",
        "repo": "nix-darwin",
        "type": "github"
      }
    },
    "devenv": {
      "inputs": {
        "flake-compat": [
          "cachix_for_watch_store",
          "flake-compat"
        ],
        "nix": "nix",
        "nixpkgs": "nixpkgs",
        "pre-commit-hooks": "pre-commit-hooks"
      },
      "locked": {
        "lastModified": 1710144971,
        "narHash": "sha256-CjTOdoBvT/4AQncTL20SDHyJNgsXZjtGbz62yDIUYnM=",
        "owner": "cachix",
        "repo": "devenv",
        "rev": "6c0bad0045f1e1802f769f7890f6a59504825f4d",
        "type": "github"
      },
      "original": {
        "owner": "cachix",
        "repo": "devenv",
        "type": "github"
      }
    },
    "disko": {
      "inputs": {
        "nixpkgs": [
          "nixpkgs"
        ]
      },
      "locked": {
        "lastModified": 1710724748,
        "narHash": "sha256-aXlifKr6Brg0SBUBgRNEBaZf3JLUeGhM9BX2gam+vvo=",
        "owner": "nix-community",
        "repo": "disko",
        "rev": "c09c3a9639690f94ddff44c3dd25c85602e5aeb2",
        "type": "github"
      },
      "original": {
        "owner": "nix-community",
        "repo": "disko",
        "type": "github"
      }
    },
    "disko_2": {
      "inputs": {
        "nixpkgs": [
          "nixos-anywhere",
          "nixpkgs"
        ]
      },
      "locked": {
        "lastModified": 1686222354,
        "narHash": "sha256-dtqnAwzucKZv54dTrLetIXhOavUrCsdqOe+JtFH9riE=",
        "owner": "nix-community",
        "repo": "disko",
        "rev": "5d9f362aecd7a4c2e8a3bf2afddb49051988cab9",
        "type": "github"
      },
      "original": {
        "owner": "nix-community",
        "ref": "master",
        "repo": "disko",
        "type": "github"
      }
    },
    "empty": {
      "flake": false,
      "locked": {
        "lastModified": 1683792623,
        "narHash": "sha256-pQpattmS9VmO3ZIQUFn66az8GSmB4IvYhTTCFn6SUmo=",
        "owner": "steveej",
        "repo": "empty",
        "rev": "8e328e450e4cd32e072eba9e99fe92cf2a1ef5cf",
        "type": "github"
      },
      "original": {
        "owner": "steveej",
        "repo": "empty",
        "type": "github"
      }
    },
    "flake-compat": {
      "flake": false,
      "locked": {
        "lastModified": 1673956053,
        "narHash": "sha256-4gtG9iQuiKITOjNQQeQIpoIB6b16fm+504Ch3sNKLd8=",
        "owner": "edolstra",
        "repo": "flake-compat",
        "rev": "35bb57c0c8d8b62bbfd284272c928ceb64ddbde9",
        "type": "github"
      },
      "original": {
        "owner": "edolstra",
        "repo": "flake-compat",
        "type": "github"
      }
    },
    "flake-compat_2": {
      "flake": false,
      "locked": {
        "lastModified": 1696426674,
        "narHash": "sha256-kvjfFW7WAETZlt09AgDn1MrtKzP7t90Vf7vypd3OL1U=",
        "owner": "edolstra",
        "repo": "flake-compat",
        "rev": "0f9255e01c2351cc7d116c072cb317785dd33b33",
        "type": "github"
      },
      "original": {
        "owner": "edolstra",
        "repo": "flake-compat",
        "type": "github"
      }
    },
    "flake-parts": {
      "inputs": {
        "nixpkgs-lib": "nixpkgs-lib"
      },
      "locked": {
        "lastModified": 1674771137,
        "narHash": "sha256-Zpk1GbEsYrqKmuIZkx+f+8pU0qcCYJoSUwNz1Zk+R00=",
        "owner": "hercules-ci",
        "repo": "flake-parts",
        "rev": "7c7a8bce3dffe71203dcd4276504d1cb49dfe05f",
        "type": "github"
      },
      "original": {
        "id": "flake-parts",
        "type": "indirect"
      }
    },
    "flake-parts_2": {
      "inputs": {
        "nixpkgs-lib": "nixpkgs-lib_2"
      },
      "locked": {
        "lastModified": 1706830856,
        "narHash": "sha256-a0NYyp+h9hlb7ddVz4LUn1vT/PLwqfrWYcHMvFB1xYg=",
        "owner": "hercules-ci",
        "repo": "flake-parts",
        "rev": "b253292d9c0a5ead9bc98c4e9a26c6312e27d69f",
        "type": "github"
      },
      "original": {
        "id": "flake-parts",
        "type": "indirect"
      }
    },
    "flake-parts_3": {
      "inputs": {
        "nixpkgs-lib": [
          "nixos-anywhere",
          "nixpkgs"
        ]
      },
      "locked": {
        "lastModified": 1685662779,
        "narHash": "sha256-cKDDciXGpMEjP1n6HlzKinN0H+oLmNpgeCTzYnsA2po=",
        "owner": "hercules-ci",
        "repo": "flake-parts",
        "rev": "71fb97f0d875fd4de4994dfb849f2c75e17eb6c3",
        "type": "github"
      },
      "original": {
        "owner": "hercules-ci",
        "repo": "flake-parts",
        "type": "github"
      }
    },
    "flake-utils": {
      "inputs": {
        "systems": "systems"
      },
      "locked": {
        "lastModified": 1701680307,
        "narHash": "sha256-kAuep2h5ajznlPMD9rnQyffWG8EM/C73lejGofXvdM8=",
        "owner": "numtide",
        "repo": "flake-utils",
        "rev": "4022d587cbbfd70fe950c1e2083a02621806a725",
        "type": "github"
      },
      "original": {
        "owner": "numtide",
        "repo": "flake-utils",
        "type": "github"
      }
    },
    "flake-utils_2": {
      "inputs": {
        "systems": "systems_2"
      },
      "locked": {
        "lastModified": 1705309234,
        "narHash": "sha256-uNRRNRKmJyCRC/8y1RqBkqWBLM034y4qN7EprSdmgyA=",
        "owner": "numtide",
        "repo": "flake-utils",
        "rev": "1ef2e671c3b0c19053962c07dbda38332dcebf26",
        "type": "github"
      },
      "original": {
        "owner": "numtide",
        "repo": "flake-utils",
        "type": "github"
      }
    },
    "flake-utils_3": {
      "inputs": {
        "systems": "systems_3"
      },
      "locked": {
        "lastModified": 1692799911,
        "narHash": "sha256-3eihraek4qL744EvQXsK1Ha6C3CR7nnT8X2qWap4RNk=",
        "owner": "numtide",
        "repo": "flake-utils",
        "rev": "f9e7cf818399d17d347f847525c5a5a8032e4e44",
        "type": "github"
      },
      "original": {
        "owner": "numtide",
        "repo": "flake-utils",
        "type": "github"
      }
    },
    "gitignore": {
      "inputs": {
        "nixpkgs": [
          "cachix_for_watch_store",
          "devenv",
          "pre-commit-hooks",
          "nixpkgs"
        ]
      },
      "locked": {
        "lastModified": 1703887061,
        "narHash": "sha256-gGPa9qWNc6eCXT/+Z5/zMkyYOuRZqeFZBDbopNZQkuY=",
        "owner": "hercules-ci",
        "repo": "gitignore.nix",
        "rev": "43e1aa1308018f37118e34d3a9cb4f5e75dc11d5",
        "type": "github"
      },
      "original": {
        "owner": "hercules-ci",
        "repo": "gitignore.nix",
        "type": "github"
      }
    },
    "hnix-store-core": {
      "flake": false,
      "locked": {
        "lastModified": 1672658037,
        "narHash": "sha256-UOe+dY1dhCvdEKjPF1gNpfc4cNhZSKSbvu4yG+XVqbg=",
        "owner": "haskell-nix",
        "repo": "hnix-store",
        "rev": "81700e6e7c53bbd7c6b2c4913b9481e5827af92f",
        "type": "github"
      },
      "original": {
        "owner": "haskell-nix",
        "ref": "core-0.6.1.0",
        "repo": "hnix-store",
        "type": "github"
      }
    },
    "holochain": {
      "inputs": {
        "cargo-chef": "cargo-chef",
        "cargo-rdme": "cargo-rdme",
        "crane": "crane_2",
        "crate2nix": "crate2nix",
        "empty": "empty",
        "flake-compat": "flake-compat_2",
        "flake-parts": "flake-parts_2",
        "holochain": [
          "holochain",
          "empty"
        ],
        "lair": [
          "holochain",
          "empty"
        ],
        "launcher": [
          "holochain",
          "empty"
        ],
        "nix-filter": "nix-filter",
        "nixpkgs": "nixpkgs_3",
        "pre-commit-hooks-nix": "pre-commit-hooks-nix",
        "repo-git": "repo-git",
        "rust-overlay": "rust-overlay",
        "scaffolding": [
          "holochain",
          "empty"
        ],
        "versions": [
          "holochain-versions"
        ]
      },
      "locked": {
        "lastModified": 1710743393,
        "narHash": "sha256-xhkOYQotgVNiCAVeBRem8V0b1Csi0p/yZY6XvvzePvU=",
        "owner": "holochain",
        "repo": "holochain",
        "rev": "2a4773ca6985cd08a57f6aafb54565bb988ca6bc",
        "type": "github"
      },
      "original": {
        "owner": "holochain",
        "repo": "holochain",
        "type": "github"
      }
    },
    "holochain-versions": {
      "inputs": {
        "holochain": "holochain_2",
        "lair": "lair",
        "launcher": "launcher",
        "scaffolding": "scaffolding"
      },
      "locked": {
        "dir": "versions/weekly",
        "lastModified": 1710743393,
        "narHash": "sha256-xhkOYQotgVNiCAVeBRem8V0b1Csi0p/yZY6XvvzePvU=",
        "owner": "holochain",
        "repo": "holochain",
        "rev": "2a4773ca6985cd08a57f6aafb54565bb988ca6bc",
        "type": "github"
      },
      "original": {
        "dir": "versions/weekly",
        "owner": "holochain",
        "repo": "holochain",
        "type": "github"
      }
    },
    "holochain_2": {
      "flake": false,
      "locked": {
        "lastModified": 1710291013,
        "narHash": "sha256-etoY8oXg3PXFMeZgkixxsKJjH1Uauua366y2TN8+fms=",
        "owner": "holochain",
        "repo": "holochain",
        "rev": "15516823c6f5e0ec7f032e614d804b2376fe0867",
        "type": "github"
      },
      "original": {
        "owner": "holochain",
        "ref": "holochain-0.3.0-beta-dev.40",
        "repo": "holochain",
        "type": "github"
      }
    },
    "home-manager": {
      "inputs": {
        "nixpkgs": [
          "nixpkgs"
        ]
      },
      "locked": {
        "lastModified": 1685599623,
        "narHash": "sha256-Tob4CMOVHue0D3RzguDBCtUmX5ji2PsdbQDbIOIKvsc=",
        "owner": "nix-community",
        "repo": "home-manager",
        "rev": "93db05480c0c0f30382d3e80779e8386dcb4f9dd",
        "type": "github"
      },
      "original": {
        "owner": "nix-community",
        "ref": "release-23.05",
        "repo": "home-manager",
        "type": "github"
      }
    },
    "keys_artbrock": {
      "flake": false,
      "locked": {
        "narHash": "sha256-zDmyysWQIKlTBR4xNP7L2VrNNttBkakzOOmgEG8Vp6s=",
        "type": "file",
        "url": "https://github.com/artbrock.keys"
      },
      "original": {
        "type": "file",
        "url": "https://github.com/artbrock.keys"
      }
    },
    "keys_jost-s": {
      "flake": false,
      "locked": {
        "narHash": "sha256-B3Er8Ek9wzun9ziCWw2GmFlfOJrzCPqBRai2p6F2kjU=",
        "type": "file",
        "url": "https://github.com/jost-s.keys"
      },
      "original": {
        "type": "file",
        "url": "https://github.com/jost-s.keys"
      }
    },
    "keys_steveej": {
      "flake": false,
      "locked": {
        "narHash": "sha256-oWou51Fqm2fNARZ2iEyKwmnDXB85fnw8vgVxZfBZuqI=",
        "type": "file",
        "url": "https://github.com/steveej.keys"
      },
      "original": {
        "type": "file",
        "url": "https://github.com/steveej.keys"
      }
    },
    "keys_thetasinner": {
      "flake": false,
      "locked": {
        "narHash": "sha256-ZIdphEU9bkjY3OBXRFmwgE7hsiZ59p9oz6Rbks8RoC4=",
        "type": "file",
        "url": "https://github.com/ThetaSinner.keys"
      },
      "original": {
        "type": "file",
        "url": "https://github.com/ThetaSinner.keys"
      }
    },
    "keys_zippy": {
      "flake": false,
      "locked": {
        "narHash": "sha256-0OoNLGRMmWmezTJGQdbQno6BCYHnuuuUKVfY48chkOw=",
        "type": "file",
        "url": "https://github.com/zippy.keys"
      },
      "original": {
        "type": "file",
        "url": "https://github.com/zippy.keys"
      }
    },
    "lair": {
      "flake": false,
      "locked": {
        "lastModified": 1709335027,
        "narHash": "sha256-rKMhh7TLuR1lqze2YFWZCGYKZQoB4dZxjpX3sb7r7Jk=",
        "owner": "holochain",
        "repo": "lair",
        "rev": "826be915efc839d1d1b8a2156b158999b8de8d5b",
        "type": "github"
      },
      "original": {
        "owner": "holochain",
        "ref": "lair_keystore-v0.4.4",
        "repo": "lair",
        "type": "github"
      }
    },
    "launcher": {
      "flake": false,
      "locked": {
        "lastModified": 1706294585,
        "narHash": "sha256-92Qc6hBMFfHo3w1m1+EpNAAV+7whpkgRHiGqNiXaMCg=",
        "owner": "holochain",
        "repo": "launcher",
        "rev": "51a45a7141abc98a861b34b288b384f50f359485",
        "type": "github"
      },
      "original": {
        "owner": "holochain",
        "ref": "holochain-weekly",
        "repo": "launcher",
        "type": "github"
      }
    },
    "lowdown-src": {
      "flake": false,
      "locked": {
        "lastModified": 1700431489,
        "narHash": "sha256-YB0ksW9HFRVr0WbtBcF4KSN44r02+ArD1Voipw8rU/8=",
        "owner": "kristapsdz",
        "repo": "lowdown",
        "rev": "1200b9f4ceceb5795ccc0a02a2105310f0819222",
        "type": "github"
      },
      "original": {
        "owner": "kristapsdz",
        "repo": "lowdown",
        "type": "github"
      }
    },
    "microvm": {
      "inputs": {
        "flake-utils": "flake-utils_3",
        "nixpkgs": [
          "nixpkgs"
        ]
      },
      "locked": {
        "lastModified": 1694526290,
        "narHash": "sha256-HiWr+tfJE/hcn8atRC0S5KweSUknQLEduPLTEiSr5J8=",
        "owner": "astro",
        "repo": "microvm.nix",
        "rev": "03e7f11cf915a911277c2cdea5d7da9717597aa2",
        "type": "github"
      },
      "original": {
        "owner": "astro",
        "repo": "microvm.nix",
        "type": "github"
      }
    },
    "nix": {
      "inputs": {
        "lowdown-src": "lowdown-src",
        "nixpkgs": [
          "cachix_for_watch_store",
          "devenv",
          "nixpkgs"
        ],
        "nixpkgs-regression": "nixpkgs-regression"
      },
      "locked": {
        "lastModified": 1676545802,
        "narHash": "sha256-EK4rZ+Hd5hsvXnzSzk2ikhStJnD63odF7SzsQ8CuSPU=",
        "owner": "domenkozar",
        "repo": "nix",
        "rev": "7c91803598ffbcfe4a55c44ac6d49b2cf07a527f",
        "type": "github"
      },
      "original": {
        "owner": "domenkozar",
        "ref": "relaxed-flakes",
        "repo": "nix",
        "type": "github"
      }
    },
    "nix-filter": {
      "locked": {
        "lastModified": 1705332318,
        "narHash": "sha256-kcw1yFeJe9N4PjQji9ZeX47jg0p9A0DuU4djKvg1a7I=",
        "owner": "numtide",
        "repo": "nix-filter",
        "rev": "3449dc925982ad46246cfc36469baf66e1b64f17",
        "type": "github"
      },
      "original": {
        "owner": "numtide",
        "repo": "nix-filter",
        "type": "github"
      }
    },
    "nixos-2305": {
      "locked": {
        "lastModified": 1686478675,
        "narHash": "sha256-EBm0oKY+B+BF/wQzegHCLPZQ2BxfgRSfEJhAd9N2XyA=",
        "owner": "NixOS",
        "repo": "nixpkgs",
        "rev": "207e4680b5ffe797038955949ab20ddc4a31c835",
        "type": "github"
      },
      "original": {
        "owner": "NixOS",
        "ref": "release-23.05",
        "repo": "nixpkgs",
        "type": "github"
      }
    },
    "nixos-anywhere": {
      "inputs": {
        "disko": "disko_2",
        "flake-parts": "flake-parts_3",
        "nixos-2305": "nixos-2305",
        "nixos-images": "nixos-images",
        "nixpkgs": [
          "nixpkgs"
        ],
        "treefmt-nix": "treefmt-nix"
      },
      "locked": {
        "lastModified": 1686482719,
        "narHash": "sha256-1GdZdNru73F5K+xHkfC6qDidtHYySeGP+OmWUMyS2Os=",
        "owner": "numtide",
        "repo": "nixos-anywhere",
        "rev": "bca7792e794a6b1864d7641063a5aebc0c9268ec",
        "type": "github"
      },
      "original": {
        "owner": "numtide",
        "repo": "nixos-anywhere",
        "type": "github"
      }
    },
    "nixos-images": {
      "inputs": {
        "nixos-2305": [
          "nixos-anywhere",
          "nixos-2305"
        ],
        "nixos-unstable": [
          "nixos-anywhere",
          "nixpkgs"
        ]
      },
      "locked": {
        "lastModified": 1686466496,
        "narHash": "sha256-HYSUVZ85+POkLOo1Om7yw1870xqwJp3ABu+Fz7hBJY8=",
        "owner": "nix-community",
        "repo": "nixos-images",
        "rev": "13e5db35e8b5a646d0efa81ff1dd003336ffe65f",
        "type": "github"
      },
      "original": {
        "owner": "nix-community",
        "repo": "nixos-images",
        "type": "github"
      }
    },
    "nixpkgs": {
      "locked": {
        "lastModified": 1677534593,
        "narHash": "sha256-PuZSAHeq4/9pP/uYH1FcagQ3nLm/DrDrvKi/xC9glvw=",
        "owner": "NixOS",
        "repo": "nixpkgs",
        "rev": "3ad64d9e2d5bf80c877286102355b1625891ae9a",
        "type": "github"
      },
      "original": {
        "owner": "NixOS",
        "ref": "nixpkgs-unstable",
        "repo": "nixpkgs",
        "type": "github"
      }
    },
    "nixpkgs-23-11": {
      "locked": {
        "lastModified": 1710695816,
        "narHash": "sha256-3Eh7fhEID17pv9ZxrPwCLfqXnYP006RKzSs0JptsN84=",
        "owner": "nixos",
        "repo": "nixpkgs",
        "rev": "614b4613980a522ba49f0d194531beddbb7220d3",
        "type": "github"
      },
      "original": {
        "owner": "nixos",
        "ref": "nixos-23.11",
        "repo": "nixpkgs",
        "type": "github"
      }
    },
    "nixpkgs-lib": {
      "locked": {
        "dir": "lib",
        "lastModified": 1672350804,
        "narHash": "sha256-jo6zkiCabUBn3ObuKXHGqqORUMH27gYDIFFfLq5P4wg=",
        "owner": "NixOS",
        "repo": "nixpkgs",
        "rev": "677ed08a50931e38382dbef01cba08a8f7eac8f6",
        "type": "github"
      },
      "original": {
        "dir": "lib",
        "owner": "NixOS",
        "ref": "nixos-unstable",
        "repo": "nixpkgs",
        "type": "github"
      }
    },
    "nixpkgs-lib_2": {
      "locked": {
        "dir": "lib",
        "lastModified": 1706550542,
        "narHash": "sha256-UcsnCG6wx++23yeER4Hg18CXWbgNpqNXcHIo5/1Y+hc=",
        "owner": "NixOS",
        "repo": "nixpkgs",
        "rev": "97b17f32362e475016f942bbdfda4a4a72a8a652",
        "type": "github"
      },
      "original": {
        "dir": "lib",
        "owner": "NixOS",
        "ref": "nixos-unstable",
        "repo": "nixpkgs",
        "type": "github"
      }
    },
    "nixpkgs-regression": {
      "locked": {
        "lastModified": 1643052045,
        "narHash": "sha256-uGJ0VXIhWKGXxkeNnq4TvV3CIOkUJ3PAoLZ3HMzNVMw=",
        "owner": "NixOS",
        "repo": "nixpkgs",
        "rev": "215d4d0fd80ca5163643b03a33fde804a29cc1e2",
        "type": "github"
      },
      "original": {
        "owner": "NixOS",
        "repo": "nixpkgs",
        "rev": "215d4d0fd80ca5163643b03a33fde804a29cc1e2",
        "type": "github"
      }
    },
    "nixpkgs-stable": {
      "locked": {
        "lastModified": 1704874635,
        "narHash": "sha256-YWuCrtsty5vVZvu+7BchAxmcYzTMfolSPP5io8+WYCg=",
        "owner": "NixOS",
        "repo": "nixpkgs",
        "rev": "3dc440faeee9e889fe2d1b4d25ad0f430d449356",
        "type": "github"
      },
      "original": {
        "owner": "NixOS",
        "ref": "nixos-23.11",
        "repo": "nixpkgs",
        "type": "github"
      }
    },
    "nixpkgs-stable_2": {
      "locked": {
        "lastModified": 1687031877,
        "narHash": "sha256-yMFcVeI+kZ6KD2QBrFPNsvBrLq2Gt//D0baHByMrjFY=",
        "owner": "NixOS",
        "repo": "nixpkgs",
        "rev": "e2e2059d19668dab1744301b8b0e821e3aae9c99",
        "type": "github"
      },
      "original": {
        "owner": "NixOS",
        "ref": "release-23.05",
        "repo": "nixpkgs",
        "type": "github"
      }
    },
    "nixpkgsGithubActionRunners": {
      "locked": {
        "lastModified": 1709150264,
        "narHash": "sha256-HofykKuisObPUfj0E9CJVfaMhawXkYx3G8UIFR/XQ38=",
        "owner": "nixos",
        "repo": "nixpkgs",
        "rev": "9099616b93301d5cf84274b184a3a5ec69e94e08",
        "type": "github"
      },
      "original": {
        "owner": "nixos",
        "ref": "nixos-unstable",
        "repo": "nixpkgs",
        "type": "github"
      }
    },
    "nixpkgsMaster": {
      "locked": {
        "lastModified": 1694183237,
        "narHash": "sha256-Dt/LLGmxvqUwEo6mKzdusrj3QiXHyWp38OISm7MeWYU=",
        "owner": "nixos",
        "repo": "nixpkgs",
        "rev": "c8a064ffcc33cc5d020b753105736071aac82447",
        "type": "github"
      },
      "original": {
        "owner": "nixos",
        "ref": "master",
        "repo": "nixpkgs",
        "type": "github"
      }
    },
    "nixpkgsUnstable": {
      "locked": {
        "lastModified": 1690179384,
        "narHash": "sha256-+arbgqFTAtoeKtepW9wCnA0njCOyoiDFyl0Q0SBSOtE=",
        "owner": "nixos",
        "repo": "nixpkgs",
        "rev": "b12803b6d90e2e583429bb79b859ca53c348b39a",
        "type": "github"
      },
      "original": {
        "owner": "nixos",
        "ref": "nixos-unstable",
        "repo": "nixpkgs",
        "type": "github"
      }
    },
    "nixpkgs_2": {
      "locked": {
        "lastModified": 1684754342,
        "narHash": "sha256-plGnjnbnPLoZCTdQX21oT7xliQhFtgcWlkuDHgtEb1o=",
        "owner": "NixOS",
        "repo": "nixpkgs",
        "rev": "7084250df3d7f9735087d3234407f3c1fc2400e3",
        "type": "github"
      },
      "original": {
        "owner": "NixOS",
        "ref": "nixos-unstable",
        "repo": "nixpkgs",
        "type": "github"
      }
    },
    "nixpkgs_3": {
      "locked": {
        "lastModified": 1710631334,
        "narHash": "sha256-rL5LSYd85kplL5othxK5lmAtjyMOBg390sGBTb3LRMM=",
        "owner": "NixOS",
        "repo": "nixpkgs",
        "rev": "c75037bbf9093a2acb617804ee46320d6d1fea5a",
        "type": "github"
      },
      "original": {
        "id": "nixpkgs",
        "ref": "nixos-unstable",
        "type": "indirect"
      }
    },
    "pre-commit-hooks": {
      "inputs": {
        "flake-compat": [
          "cachix_for_watch_store",
          "devenv",
          "flake-compat"
        ],
        "flake-utils": "flake-utils",
        "gitignore": "gitignore",
        "nixpkgs": [
          "cachix_for_watch_store",
          "devenv",
          "nixpkgs"
        ],
        "nixpkgs-stable": "nixpkgs-stable"
      },
      "locked": {
        "lastModified": 1708018599,
        "narHash": "sha256-M+Ng6+SePmA8g06CmUZWi1AjG2tFBX9WCXElBHEKnyM=",
        "owner": "cachix",
        "repo": "pre-commit-hooks.nix",
        "rev": "5df5a70ad7575f6601d91f0efec95dd9bc619431",
        "type": "github"
      },
      "original": {
        "owner": "cachix",
        "repo": "pre-commit-hooks.nix",
        "type": "github"
      }
    },
    "pre-commit-hooks-nix": {
      "flake": false,
      "locked": {
        "lastModified": 1707297608,
        "narHash": "sha256-ADjo/5VySGlvtCW3qR+vdFF4xM9kJFlRDqcC9ZGI8EA=",
        "owner": "cachix",
        "repo": "pre-commit-hooks.nix",
        "rev": "0db2e67ee49910adfa13010e7f012149660af7f0",
        "type": "github"
      },
      "original": {
        "owner": "cachix",
        "repo": "pre-commit-hooks.nix",
        "type": "github"
      }
    },
    "repo-git": {
      "flake": false,
      "locked": {
        "narHash": "sha256-d6xi4mKdjkX2JFicDIv5niSzpyI0m/Hnm8GGAIU04kY=",
        "type": "file",
        "url": "file:/dev/null"
      },
      "original": {
        "type": "file",
        "url": "file:/dev/null"
      }
    },
    "root": {
      "inputs": {
        "cachix_for_watch_store": "cachix_for_watch_store",
        "coturn": "coturn",
        "crane": "crane",
        "darwin": "darwin",
        "disko": "disko",
        "flake-parts": "flake-parts",
        "holochain": "holochain",
        "holochain-versions": "holochain-versions",
        "home-manager": "home-manager",
        "keys_artbrock": "keys_artbrock",
        "keys_jost-s": "keys_jost-s",
        "keys_steveej": "keys_steveej",
        "keys_thetasinner": "keys_thetasinner",
        "keys_zippy": "keys_zippy",
        "microvm": "microvm",
        "nixos-anywhere": "nixos-anywhere",
        "nixpkgs": [
          "nixpkgs-23-11"
        ],
        "nixpkgs-23-11": "nixpkgs-23-11",
        "nixpkgsGithubActionRunners": "nixpkgsGithubActionRunners",
        "nixpkgsMaster": "nixpkgsMaster",
        "nixpkgsUnstable": "nixpkgsUnstable",
        "sops-nix": "sops-nix",
        "srvos": "srvos",
        "tx5": "tx5"
      }
    },
    "rust-overlay": {
      "inputs": {
        "flake-utils": "flake-utils_2",
        "nixpkgs": [
          "holochain",
          "nixpkgs"
        ]
      },
      "locked": {
        "lastModified": 1710727870,
        "narHash": "sha256-Ulsx+t4SnRmjMJx4eF2Li+3rBGYhZp0XNShVjIheCfg=",
        "owner": "oxalica",
        "repo": "rust-overlay",
        "rev": "a1b17cacfa7a6ed18f553a195a047f4e73e95da9",
        "type": "github"
      },
      "original": {
        "owner": "oxalica",
        "repo": "rust-overlay",
        "type": "github"
      }
    },
    "scaffolding": {
      "flake": false,
      "locked": {
        "lastModified": 1708377063,
        "narHash": "sha256-5+iEjwMO/sTe1h9JVrfn77GjliIRVJQFS2yvI3KTsL8=",
        "owner": "holochain",
        "repo": "scaffolding",
        "rev": "c41f01d2ff19fe58b6632860d85f88a96e16fd65",
        "type": "github"
      },
      "original": {
        "owner": "holochain",
        "ref": "holochain-weekly",
        "repo": "scaffolding",
        "type": "github"
      }
    },
    "sops-nix": {
      "inputs": {
        "nixpkgs": [
          "nixpkgs"
        ],
        "nixpkgs-stable": "nixpkgs-stable_2"
      },
      "locked": {
        "lastModified": 1687398569,
        "narHash": "sha256-e/umuIKFcFtZtWeX369Hbdt9r+GQ48moDmlTcyHWL28=",
        "owner": "Mic92",
        "repo": "sops-nix",
        "rev": "2ff6973350682f8d16371f8c071a304b8067f192",
        "type": "github"
      },
      "original": {
        "owner": "Mic92",
        "repo": "sops-nix",
        "type": "github"
      }
    },
    "srvos": {
      "inputs": {
        "nixpkgs": [
          "nixpkgs"
        ]
      },
      "locked": {
        "lastModified": 1710722976,
        "narHash": "sha256-tAQvMzQ3pB4O7C0WJqvewlywEpJQRTdu2om5bgKV3L8=",
        "owner": "numtide",
        "repo": "srvos",
        "rev": "6f5c52bcd3b9e7c0e88907a75d284d11b609a36c",
        "type": "github"
      },
      "original": {
        "owner": "numtide",
        "repo": "srvos",
        "type": "github"
      }
    },
    "systems": {
      "locked": {
        "lastModified": 1681028828,
        "narHash": "sha256-Vy1rq5AaRuLzOxct8nz4T6wlgyUR7zLU309k9mBC768=",
        "owner": "nix-systems",
        "repo": "default",
        "rev": "da67096a3b9bf56a91d16901293e51ba5b49a27e",
        "type": "github"
      },
      "original": {
        "owner": "nix-systems",
        "repo": "default",
        "type": "github"
      }
    },
    "systems_2": {
      "locked": {
        "lastModified": 1681028828,
        "narHash": "sha256-Vy1rq5AaRuLzOxct8nz4T6wlgyUR7zLU309k9mBC768=",
        "owner": "nix-systems",
        "repo": "default",
        "rev": "da67096a3b9bf56a91d16901293e51ba5b49a27e",
        "type": "github"
      },
      "original": {
        "owner": "nix-systems",
        "repo": "default",
        "type": "github"
      }
    },
    "systems_3": {
      "locked": {
        "lastModified": 1681028828,
        "narHash": "sha256-Vy1rq5AaRuLzOxct8nz4T6wlgyUR7zLU309k9mBC768=",
        "owner": "nix-systems",
        "repo": "default",
        "rev": "da67096a3b9bf56a91d16901293e51ba5b49a27e",
        "type": "github"
      },
      "original": {
        "owner": "nix-systems",
        "repo": "default",
        "type": "github"
      }
    },
    "treefmt-nix": {
      "inputs": {
        "nixpkgs": [
          "nixos-anywhere",
          "nixpkgs"
        ]
      },
      "locked": {
        "lastModified": 1685519364,
        "narHash": "sha256-rE9c9jWDSc5Nj0OjNzBENaJ6j4YBphcqSPia2IwCMLA=",
        "owner": "numtide",
        "repo": "treefmt-nix",
        "rev": "6521a278bcba66b440554cc1350403594367b4ac",
        "type": "github"
      },
      "original": {
        "owner": "numtide",
        "repo": "treefmt-nix",
        "type": "github"
      }
    },
    "tx5": {
      "flake": false,
      "locked": {
        "lastModified": 1707175829,
        "narHash": "sha256-Lkry9eEUk6aXe7aQ824YwkG2Ra44GPapIznGR2Ao/PA=",
        "owner": "holochain",
        "repo": "tx5",
        "rev": "d5fa9096eae2156618c701e87b7c40770faa123c",
        "type": "github"
      },
      "original": {
        "owner": "holochain",
        "ref": "tx5-signal-srv-v0.0.7-alpha",
        "repo": "tx5",
        "type": "github"
      }
    }
  },
  "root": "root",
  "version": 7
}
